
Microsoft Visual Studio Solution File, Format Version 12.00
# Visual Studio Version 17
VisualStudioVersion = 17.7.34221.43
MinimumVisualStudioVersion = 10.0.40219.1
Project("{9A19103F-16F7-4668-BE54-9A1E7A4F7556}") = "Projekt-Blazor", "Projekt-Blazor.csproj", "{CCE2C279-AA10-4557-83E7-905558BDF26D}"
EndProject
Global
	GlobalSection(SolutionConfigurationPlatforms) = preSolution
		Debug|Any CPU = Debug|Any CPU
		Release|Any CPU = Release|Any CPU
	EndGlobalSection
	GlobalSection(ProjectConfigurationPlatforms) = postSolution
		{CCE2C279-AA10-4557-83E7-905558BDF26D}.Debug|Any CPU.ActiveCfg = Debug|Any CPU
		{CCE2C279-AA10-4557-83E7-905558BDF26D}.Debug|Any CPU.Build.0 = Debug|Any CPU
		{CCE2C279-AA10-4557-83E7-905558BDF26D}.Release|Any CPU.ActiveCfg = Release|Any CPU
		{CCE2C279-AA10-4557-83E7-905558BDF26D}.Release|Any CPU.Build.0 = Release|Any CPU
	EndGlobalSection
	GlobalSection(SolutionProperties) = preSolution
		HideSolutionNode = FALSE
	EndGlobalSection
	GlobalSection(ExtensibilityGlobals) = postSolution
		SolutionGuid = {336E3FE6-6997-4D43-A895-C9B47EB7DA6C}
	EndGlobalSection
EndGlobal
